{
  "name": "super-landing-v3",
  "version": "1.0.0",
  "lockfileVersion": 2,
  "requires": true,
  "packages": {
    "": {
      "name": "super-landing-v3",
      "version": "1.0.0",
      "license": "ISC",
      "dependencies": {
        "sass": "^1.79.4",
        "scss": "^0.2.4"
      }
    },
    "node_modules/chokidar": {
      "version": "4.0.1",
      "resolved": "https://registry.npmjs.org/chokidar/-/chokidar-4.0.1.tgz",
      "integrity": "sha512-n8enUVCED/KVRQlab1hr3MVpcVMvxtZjmEa956u+4YijlmQED223XMSYj2tLuKvr4jcCTzNNMpQDUer72MMmzA==",
      "dependencies": {
        "readdirp": "^4.0.1"
      },
      "engines": {
        "node": ">= 14.16.0"
      },
      "funding": {
        "url": "https://paulmillr.com/funding/"
      }
    },
    "node_modules/immutable": {
      "version": "4.3.7",
      "resolved": "https://registry.npmjs.org/immutable/-/immutable-4.3.7.tgz",
      "integrity": "sha512-1hqclzwYwjRDFLjcFxOM5AYkkG0rpFPpr1RLPMEuGczoS7YA8gLhy8SWXYRAA/XwfEHpfo3cw5JGioS32fnMRw=="
    },
    "node_modules/ometa": {
      "version": "0.2.2",
      "resolved": "https://registry.npmjs.org/ometa/-/ometa-0.2.2.tgz",
      "integrity": "sha512-LZuoK/yjU3FvrxPjUXUlZ1bavCfBPqauA7fsNdwi+AVhRdyk2IzgP3JRnevvjzQ6fKHdUw8YISshf53FmpHrng==",
      "engines": {
        "node": ">= 0.2.0"
      }
    },
    "node_modules/readdirp": {
      "version": "4.0.2",
      "resolved": "https://registry.npmjs.org/readdirp/-/readdirp-4.0.2.tgz",
      "integrity": "sha512-yDMz9g+VaZkqBYS/ozoBJwaBhTbZo3UNYQHNRw1D3UFQB8oHB4uS/tAODO+ZLjGWmUbKnIlOWO+aaIiAxrUWHA==",
      "engines": {
        "node": ">= 14.16.0"
      },
      "funding": {
        "type": "individual",
        "url": "https://paulmillr.com/funding/"
      }
    },
    "node_modules/sass": {
      "version": "1.79.4",
      "resolved": "https://registry.npmjs.org/sass/-/sass-1.79.4.tgz",
      "integrity": "sha512-K0QDSNPXgyqO4GZq2HO5Q70TLxTH6cIT59RdoCHMivrC8rqzaTw5ab9prjz9KUN1El4FLXrBXJhik61JR4HcGg==",
      "dependencies": {
        "chokidar": "^4.0.0",
        "immutable": "^4.0.0",
        "source-map-js": ">=0.6.2 <2.0.0"
      },
      "bin": {
        "sass": "sass.js"
      },
      "engines": {
        "node": ">=14.0.0"
      }
    },
    "node_modules/scss": {
      "version": "0.2.4",
      "resolved": "https://registry.npmjs.org/scss/-/scss-0.2.4.tgz",
      "integrity": "sha512-4u8V87F+Q/upVhUmhPnB4C1R11xojkRkWjExL2v0CX2EXTg18VrKd+9JWoeyCp2VEMdSpJsyAvVU+rVjogh51A==",
      "dependencies": {
        "ometa": "0.2.2"
      },
      "engines": {
        "node": ">= 0.2.0"
      }
    },
    "node_modules/source-map-js": {
      "version": "1.2.1",
      "resolved": "https://registry.npmjs.org/source-map-js/-/source-map-js-1.2.1.tgz",
      "integrity": "sha512-UXWMKhLOwVKb728IUtQPXxfYU+usdybtUrK/8uGE8CQMvrhOpwvzDBwj0QhSL7MQc7vIsISBG8VQ8+IDQxpfQA==",
      "engines": {
        "node": ">=0.10.0"
      }
    }
  },
  "dependencies": {
    "chokidar": {
      "version": "4.0.1",
      "resolved": "https://registry.npmjs.org/chokidar/-/chokidar-4.0.1.tgz",
      "integrity": "sha512-n8enUVCED/KVRQlab1hr3MVpcVMvxtZjmEa956u+4YijlmQED223XMSYj2tLuKvr4jcCTzNNMpQDUer72MMmzA==",
      "requires": {
        "readdirp": "^4.0.1"
      }
    },
    "immutable": {
      "version": "4.3.7",
      "resolved": "https://registry.npmjs.org/immutable/-/immutable-4.3.7.tgz",
      "integrity": "sha512-1hqclzwYwjRDFLjcFxOM5AYkkG0rpFPpr1RLPMEuGczoS7YA8gLhy8SWXYRAA/XwfEHpfo3cw5JGioS32fnMRw=="
    },
    "ometa": {
      "version": "0.2.2",
      "resolved": "https://registry.npmjs.org/ometa/-/ometa-0.2.2.tgz",
      "integrity": "sha512-LZuoK/yjU3FvrxPjUXUlZ1bavCfBPqauA7fsNdwi+AVhRdyk2IzgP3JRnevvjzQ6fKHdUw8YISshf53FmpHrng=="
    },
    "readdirp": {
      "version": "4.0.2",
      "resolved": "https://registry.npmjs.org/readdirp/-/readdirp-4.0.2.tgz",
      "integrity": "sha512-yDMz9g+VaZkqBYS/ozoBJwaBhTbZo3UNYQHNRw1D3UFQB8oHB4uS/tAODO+ZLjGWmUbKnIlOWO+aaIiAxrUWHA=="
    },
    "sass": {
      "version": "1.79.4",
      "resolved": "https://registry.npmjs.org/sass/-/sass-1.79.4.tgz",
      "integrity": "sha512-K0QDSNPXgyqO4GZq2HO5Q70TLxTH6cIT59RdoCHMivrC8rqzaTw5ab9prjz9KUN1El4FLXrBXJhik61JR4HcGg==",
      "requires": {
        "chokidar": "^4.0.0",
        "immutable": "^4.0.0",
        "source-map-js": ">=0.6.2 <2.0.0"
      }
    },
    "scss": {
      "version": "0.2.4",
      "resolved": "https://registry.npmjs.org/scss/-/scss-0.2.4.tgz",
      "integrity": "sha512-4u8V87F+Q/upVhUmhPnB4C1R11xojkRkWjExL2v0CX2EXTg18VrKd+9JWoeyCp2VEMdSpJsyAvVU+rVjogh51A==",
      "requires": {
        "ometa": "0.2.2"
      }
    },
    "source-map-js": {
      "version": "1.2.1",
      "resolved": "https://registry.npmjs.org/source-map-js/-/source-map-js-1.2.1.tgz",
      "integrity": "sha512-UXWMKhLOwVKb728IUtQPXxfYU+usdybtUrK/8uGE8CQMvrhOpwvzDBwj0QhSL7MQc7vIsISBG8VQ8+IDQxpfQA=="
    }
  }
}
